
Microsoft Visual Studio Solution File, Format Version 12.00
# Visual Studio Version 17
VisualStudioVersion = 17.11.35222.181
MinimumVisualStudioVersion = 10.0.40219.1
Project("{FAE04EC0-301F-11D3-BF4B-00C04F79EFBC}") = "UP_01_02_Opsinnikova_Daria_ISIP-221", "UP_01_02_Opsinnikova_Daria_ISIP-221\UP_01_02_Opsinnikova_Daria_ISIP-221.csproj", "{EAAB1C2E-30BD-487A-8254-92BBA41777C7}"
EndProject
Global
	GlobalSection(SolutionConfigurationPlatforms) = preSolution
		Debug|Any CPU = Debug|Any CPU
		Release|Any CPU = Release|Any CPU
	EndGlobalSection
	GlobalSection(ProjectConfigurationPlatforms) = postSolution
		{EAAB1C2E-30BD-487A-8254-92BBA41777C7}.Debug|Any CPU.ActiveCfg = Debug|Any CPU
		{EAAB1C2E-30BD-487A-8254-92BBA41777C7}.Debug|Any CPU.Build.0 = Debug|Any CPU
		{EAAB1C2E-30BD-487A-8254-92BBA41777C7}.Release|Any CPU.ActiveCfg = Release|Any CPU
		{EAAB1C2E-30BD-487A-8254-92BBA41777C7}.Release|Any CPU.Build.0 = Release|Any CPU
	EndGlobalSection
	GlobalSection(SolutionProperties) = preSolution
		HideSolutionNode = FALSE
	EndGlobalSection
	GlobalSection(ExtensibilityGlobals) = postSolution
		SolutionGuid = {ED7639C6-9C4B-4149-8CA3-767C24392029}
	EndGlobalSection
EndGlobal
